// !$*UTF8*$!
{
	archiveVersion = 1;
	classes = {
	};
	objectVersion = 46;
	objects = {

/* Begin PBXBuildFile section */
		35B0B9E24AE997C9060E6BC4 /* Pods.framework in Frameworks */ = {isa = PBXBuildFile; fileRef = 283283296736ED980EE6E1A6 /* Pods.framework */; };
		D306E0201CCA3ADF00FA3812 /* WebModuleViewController.swift in Sources */ = {isa = PBXBuildFile; fileRef = D306E01F1CCA3ADF00FA3812 /* WebModuleViewController.swift */; };
		D306E0221CCA3DFD00FA3812 /* AppModule.swift in Sources */ = {isa = PBXBuildFile; fileRef = D306E0211CCA3DFD00FA3812 /* AppModule.swift */; };
		D306E0241CCA3F7700FA3812 /* ExamViewController.swift in Sources */ = {isa = PBXBuildFile; fileRef = D306E0231CCA3F7700FA3812 /* ExamViewController.swift */; };
		D306E0261CCA3F8400FA3812 /* ExamTableViewCell.swift in Sources */ = {isa = PBXBuildFile; fileRef = D306E0251CCA3F8400FA3812 /* ExamTableViewCell.swift */; };
		D306E0281CCA403D00FA3812 /* ExamModel.swift in Sources */ = {isa = PBXBuildFile; fileRef = D306E0271CCA403D00FA3812 /* ExamModel.swift */; };
		D306E02A1CCA68A700FA3812 /* GradeModel.swift in Sources */ = {isa = PBXBuildFile; fileRef = D306E0291CCA68A700FA3812 /* GradeModel.swift */; };
		D306E02C1CCA68EB00FA3812 /* GradeTableViewCell.swift in Sources */ = {isa = PBXBuildFile; fileRef = D306E02B1CCA68EB00FA3812 /* GradeTableViewCell.swift */; };
		D306E02E1CCA691F00FA3812 /* GradeViewController.swift in Sources */ = {isa = PBXBuildFile; fileRef = D306E02D1CCA691F00FA3812 /* GradeViewController.swift */; };
		D30A9BA11CBBA9100087D583 /* ApiThreadManager.swift in Sources */ = {isa = PBXBuildFile; fileRef = D30A9BA01CBBA9100087D583 /* ApiThreadManager.swift */; };
		D31821B21CC3B07800992355 /* LaunchScreen.storyboard in Resources */ = {isa = PBXBuildFile; fileRef = D31821B11CC3B07800992355 /* LaunchScreen.storyboard */; };
		D31821B61CC48D5400992355 /* ServiceHelper.swift in Sources */ = {isa = PBXBuildFile; fileRef = D31821B51CC48D5400992355 /* ServiceHelper.swift */; };
		D31821B91CC4D53300992355 /* CardsTableViewCell.swift in Sources */ = {isa = PBXBuildFile; fileRef = D31821B81CC4D53300992355 /* CardsTableViewCell.swift */; };
		D31821BF1CC522D900992355 /* CardViewController.swift in Sources */ = {isa = PBXBuildFile; fileRef = D31821BE1CC522D900992355 /* CardViewController.swift */; };
		D31821C11CC5256F00992355 /* CardTableViewCell.swift in Sources */ = {isa = PBXBuildFile; fileRef = D31821C01CC5256F00992355 /* CardTableViewCell.swift */; };
		D31821C31CC5291000992355 /* CardHistoryModel.swift in Sources */ = {isa = PBXBuildFile; fileRef = D31821C21CC5291000992355 /* CardHistoryModel.swift */; };
		D31821CA1CC7BC0400992355 /* Main.storyboard in Resources */ = {isa = PBXBuildFile; fileRef = D31821C81CC7BC0400992355 /* Main.storyboard */; };
		D31821CC1CC8560F00992355 /* ExperimentTableViewCell.swift in Sources */ = {isa = PBXBuildFile; fileRef = D31821CB1CC8560F00992355 /* ExperimentTableViewCell.swift */; };
		D31821CE1CC856FF00992355 /* ExperimentViewController.swift in Sources */ = {isa = PBXBuildFile; fileRef = D31821CD1CC856FF00992355 /* ExperimentViewController.swift */; };
		D31821D01CC8573200992355 /* ExperimentModel.swift in Sources */ = {isa = PBXBuildFile; fileRef = D31821CF1CC8573200992355 /* ExperimentModel.swift */; };
		D31DE50E1CC334EC00E4891D /* ModuleTableViewCell.swift in Sources */ = {isa = PBXBuildFile; fileRef = D31DE50D1CC334EC00E4891D /* ModuleTableViewCell.swift */; };
		D31DE5121CC3592F00E4891D /* ClassInfo.swift in Sources */ = {isa = PBXBuildFile; fileRef = D31DE5111CC3592F00E4891D /* ClassInfo.swift */; };
		D31DE5141CC3597800E4891D /* CurriculumBlock.swift in Sources */ = {isa = PBXBuildFile; fileRef = D31DE5131CC3597800E4891D /* CurriculumBlock.swift */; };
		D31DE5181CC359D300E4891D /* CurriculumViewController.swift in Sources */ = {isa = PBXBuildFile; fileRef = D31DE5171CC359D300E4891D /* CurriculumViewController.swift */; };
		D31DE51A1CC35A3100E4891D /* CurriculumView.swift in Sources */ = {isa = PBXBuildFile; fileRef = D31DE5191CC35A3100E4891D /* CurriculumView.swift */; };
		D3325D051CC89BA0002060A5 /* SwipeRefreshHeader.swift in Sources */ = {isa = PBXBuildFile; fileRef = D3325D041CC89BA0002060A5 /* SwipeRefreshHeader.swift */; };
		D33678F81CE5971C001E7C25 /* CurriculumNotifier.swift in Sources */ = {isa = PBXBuildFile; fileRef = D33678F71CE5971C001E7C25 /* CurriculumNotifier.swift */; };
		D348580C1CBB48FD00B55E76 /* ApiHelper.swift in Sources */ = {isa = PBXBuildFile; fileRef = D348580B1CBB48FD00B55E76 /* ApiHelper.swift */; };
		D348580E1CBB4FF900B55E76 /* CacheHelper.swift in Sources */ = {isa = PBXBuildFile; fileRef = D348580D1CBB4FF900B55E76 /* CacheHelper.swift */; };
		D34858111CBB57F600B55E76 /* NSUserDefaults.swift in Sources */ = {isa = PBXBuildFile; fileRef = D34858101CBB57F600B55E76 /* NSUserDefaults.swift */; };
		D34858131CBB60A600B55E76 /* ApiRequest.swift in Sources */ = {isa = PBXBuildFile; fileRef = D34858121CBB60A600B55E76 /* ApiRequest.swift */; };
		D34BCC731CE5D379005F4164 /* ExamNotifier.swift in Sources */ = {isa = PBXBuildFile; fileRef = D34BCC721CE5D379005F4164 /* ExamNotifier.swift */; };
		D34E95861CCDCCE700AD1119 /* JwcCard.swift in Sources */ = {isa = PBXBuildFile; fileRef = D34E95851CCDCCE700AD1119 /* JwcCard.swift */; };
		D354905C1CDC519100E59615 /* GCalendar.swift in Sources */ = {isa = PBXBuildFile; fileRef = D354905B1CDC519100E59615 /* GCalendar.swift */; };
		D35FC6221CE2FEF400BE844C /* ActivityViewController.swift in Sources */ = {isa = PBXBuildFile; fileRef = D35FC6211CE2FEF400BE844C /* ActivityViewController.swift */; };
		D35FC6241CE301F700BE844C /* ActivityModel.swift in Sources */ = {isa = PBXBuildFile; fileRef = D35FC6231CE301F700BE844C /* ActivityModel.swift */; };
		D35FC6261CE31A3500BE844C /* ActivityTableViewCell.swift in Sources */ = {isa = PBXBuildFile; fileRef = D35FC6251CE31A3500BE844C /* ActivityTableViewCell.swift */; };
		D35FC6281CE3236300BE844C /* PullLoadFooter.swift in Sources */ = {isa = PBXBuildFile; fileRef = D35FC6271CE3236300BE844C /* PullLoadFooter.swift */; };
		D35FC62A1CE33A1E00BE844C /* ActivityCard.swift in Sources */ = {isa = PBXBuildFile; fileRef = D35FC6291CE33A1E00BE844C /* ActivityCard.swift */; };
		D37708621CCC5D37006ED853 /* FeedbackViewController.swift in Sources */ = {isa = PBXBuildFile; fileRef = D37708611CCC5D37006ED853 /* FeedbackViewController.swift */; };
		D37708651CCC67DC006ED853 /* CardsModel.swift in Sources */ = {isa = PBXBuildFile; fileRef = D37708641CCC67DC006ED853 /* CardsModel.swift */; };
		D38A7E5E1CE5ABFF0033926E /* ExperimentNotifier.swift in Sources */ = {isa = PBXBuildFile; fileRef = D38A7E5D1CE5ABFF0033926E /* ExperimentNotifier.swift */; };
		D39B87971CCCCA0200EC5280 /* CardsRowModel.swift in Sources */ = {isa = PBXBuildFile; fileRef = D39B87961CCCCA0200EC5280 /* CardsRowModel.swift */; };
		D39B879A1CCCEC2E00EC5280 /* CardCard.swift in Sources */ = {isa = PBXBuildFile; fileRef = D39B87991CCCEC2E00EC5280 /* CardCard.swift */; };
		D39B879C1CCCF02600EC5280 /* ExperimentCard.swift in Sources */ = {isa = PBXBuildFile; fileRef = D39B879B1CCCF02600EC5280 /* ExperimentCard.swift */; };
		D39B879E1CCD0C0B00EC5280 /* ExamCard.swift in Sources */ = {isa = PBXBuildFile; fileRef = D39B879D1CCD0C0B00EC5280 /* ExamCard.swift */; };
		D39B87A01CCD0F0E00EC5280 /* Error.swift in Sources */ = {isa = PBXBuildFile; fileRef = D39B879F1CCD0F0E00EC5280 /* Error.swift */; };
		D39B87A21CCD120F00EC5280 /* LectureCard.swift in Sources */ = {isa = PBXBuildFile; fileRef = D39B87A11CCD120F00EC5280 /* LectureCard.swift */; };
		D39B87A41CCD12EC00EC5280 /* String.swift in Sources */ = {isa = PBXBuildFile; fileRef = D39B87A31CCD12EC00EC5280 /* String.swift */; };
		D39B87A61CCD194E00EC5280 /* PedetailCard.swift in Sources */ = {isa = PBXBuildFile; fileRef = D39B87A51CCD194E00EC5280 /* PedetailCard.swift */; };
		D3A0C1701CBB7A3A00744640 /* MainViewController.swift in Sources */ = {isa = PBXBuildFile; fileRef = D3A0C16F1CBB7A3A00744640 /* MainViewController.swift */; };
		D3A0C1721CBB7A9800744640 /* CardsViewController.swift in Sources */ = {isa = PBXBuildFile; fileRef = D3A0C1711CBB7A9800744640 /* CardsViewController.swift */; };
		D3A0C1741CBB7AF500744640 /* ModulesViewController.swift in Sources */ = {isa = PBXBuildFile; fileRef = D3A0C1731CBB7AF500744640 /* ModulesViewController.swift */; };
		D3A0C1771CBB7B2300744640 /* MyInfoViewController.swift in Sources */ = {isa = PBXBuildFile; fileRef = D3A0C1761CBB7B2300744640 /* MyInfoViewController.swift */; };
		D3D35DDD1CBA2E8200B18092 /* AppDelegate.swift in Sources */ = {isa = PBXBuildFile; fileRef = D3D35DDC1CBA2E8200B18092 /* AppDelegate.swift */; };
		D3D35DDF1CBA2E8200B18092 /* LoginViewController.swift in Sources */ = {isa = PBXBuildFile; fileRef = D3D35DDE1CBA2E8200B18092 /* LoginViewController.swift */; };
		D3D35DE41CBA2E8200B18092 /* Assets.xcassets in Resources */ = {isa = PBXBuildFile; fileRef = D3D35DE31CBA2E8200B18092 /* Assets.xcassets */; };
		D3D35DF21CBA2E8200B18092 /* Herald_iOSTests.swift in Sources */ = {isa = PBXBuildFile; fileRef = D3D35DF11CBA2E8200B18092 /* Herald_iOSTests.swift */; };
		D3D35DFD1CBA2E8200B18092 /* Herald_iOSUITests.swift in Sources */ = {isa = PBXBuildFile; fileRef = D3D35DFC1CBA2E8200B18092 /* Herald_iOSUITests.swift */; };
		D3E6BD7C1CC8BF740074FF6D /* ModuleManageTableViewCell.swift in Sources */ = {isa = PBXBuildFile; fileRef = D3E6BD7B1CC8BF740074FF6D /* ModuleManageTableViewCell.swift */; };
		D3E6BD7F1CC8C07F0074FF6D /* ModuleManagerViewController.swift in Sources */ = {isa = PBXBuildFile; fileRef = D3E6BD7E1CC8C07F0074FF6D /* ModuleManagerViewController.swift */; };
		D3E6BD831CC8D4B20074FF6D /* PedetailViewController.swift in Sources */ = {isa = PBXBuildFile; fileRef = D3E6BD811CC8D4B20074FF6D /* PedetailViewController.swift */; };
		D3ED99D41CCAF9FC00001E2B /* SeuNetViewController.swift in Sources */ = {isa = PBXBuildFile; fileRef = D3ED99D31CCAF9FC00001E2B /* SeuNetViewController.swift */; };
		D3ED99D61CCB080000001E2B /* SchoolbusModel.swift in Sources */ = {isa = PBXBuildFile; fileRef = D3ED99D51CCB080000001E2B /* SchoolbusModel.swift */; };
		D3ED99D81CCB08B300001E2B /* SchoolbusTableViewCell.swift in Sources */ = {isa = PBXBuildFile; fileRef = D3ED99D71CCB08B300001E2B /* SchoolbusTableViewCell.swift */; };
		D3ED99DA1CCB091700001E2B /* SchoolbusViewController.swift in Sources */ = {isa = PBXBuildFile; fileRef = D3ED99D91CCB091700001E2B /* SchoolbusViewController.swift */; };
		D3ED99DC1CCB1DB400001E2B /* SrtpModel.swift in Sources */ = {isa = PBXBuildFile; fileRef = D3ED99DB1CCB1DB400001E2B /* SrtpModel.swift */; };
		D3ED99DE1CCB3DB600001E2B /* SrtpTableViewCell.swift in Sources */ = {isa = PBXBuildFile; fileRef = D3ED99DD1CCB3DB600001E2B /* SrtpTableViewCell.swift */; };
		D3ED99E01CCB3DFD00001E2B /* SrtpViewController.swift in Sources */ = {isa = PBXBuildFile; fileRef = D3ED99DF1CCB3DFD00001E2B /* SrtpViewController.swift */; };
		D3ED99E21CCB5BCB00001E2B /* LibraryBookModel.swift in Sources */ = {isa = PBXBuildFile; fileRef = D3ED99E11CCB5BCB00001E2B /* LibraryBookModel.swift */; };
		D3ED99E41CCB64BE00001E2B /* LibraryTableViewCell.swift in Sources */ = {isa = PBXBuildFile; fileRef = D3ED99E31CCB64BE00001E2B /* LibraryTableViewCell.swift */; };
		D3ED99E61CCB651300001E2B /* LibraryViewController.swift in Sources */ = {isa = PBXBuildFile; fileRef = D3ED99E51CCB651300001E2B /* LibraryViewController.swift */; };
		D3ED99E81CCB870200001E2B /* AboutUsViewController.swift in Sources */ = {isa = PBXBuildFile; fileRef = D3ED99E71CCB870200001E2B /* AboutUsViewController.swift */; };
		D3EFC1D71CCC81A800BC37A5 /* CurriculumCard.swift in Sources */ = {isa = PBXBuildFile; fileRef = D3EFC1D61CCC81A800BC37A5 /* CurriculumCard.swift */; };
		D3F375C71CDB3957004DDEA5 /* WifiLoginHelper.swift in Sources */ = {isa = PBXBuildFile; fileRef = D3F375C61CDB3957004DDEA5 /* WifiLoginHelper.swift */; };
		D3F3DCFB1CBB7792006887F5 /* SettingsHelper.swift in Sources */ = {isa = PBXBuildFile; fileRef = D3F3DCFA1CBB7792006887F5 /* SettingsHelper.swift */; };
		D3F473451CCA04C100750FFB /* JwcTableViewCell.swift in Sources */ = {isa = PBXBuildFile; fileRef = D3F473441CCA04C100750FFB /* JwcTableViewCell.swift */; };
		D3F473471CCA05CD00750FFB /* JwcViewController.swift in Sources */ = {isa = PBXBuildFile; fileRef = D3F473461CCA05CD00750FFB /* JwcViewController.swift */; };
		D3F473491CCA068D00750FFB /* JwcNoticeModel.swift in Sources */ = {isa = PBXBuildFile; fileRef = D3F473481CCA068D00750FFB /* JwcNoticeModel.swift */; };
		D3F4734B1CCA146800750FFB /* LectureTableViewCell.swift in Sources */ = {isa = PBXBuildFile; fileRef = D3F4734A1CCA146800750FFB /* LectureTableViewCell.swift */; };
		D3F4734D1CCA153A00750FFB /* LectureModel.swift in Sources */ = {isa = PBXBuildFile; fileRef = D3F4734C1CCA153A00750FFB /* LectureModel.swift */; };
		D3F4734F1CCA15C900750FFB /* LectureViewController.swift in Sources */ = {isa = PBXBuildFile; fileRef = D3F4734E1CCA15C900750FFB /* LectureViewController.swift */; };
		D3FBC2F21CCC51F900305428 /* UIViewController.swift in Sources */ = {isa = PBXBuildFile; fileRef = D3FBC2F11CCC51F900305428 /* UIViewController.swift */; };
/* End PBXBuildFile section */

/* Begin PBXContainerItemProxy section */
		D3D35DEE1CBA2E8200B18092 /* PBXContainerItemProxy */ = {
			isa = PBXContainerItemProxy;
			containerPortal = D3D35DD11CBA2E8200B18092 /* Project object */;
			proxyType = 1;
			remoteGlobalIDString = D3D35DD81CBA2E8200B18092;
			remoteInfo = Herald_iOS;
		};
		D3D35DF91CBA2E8200B18092 /* PBXContainerItemProxy */ = {
			isa = PBXContainerItemProxy;
			containerPortal = D3D35DD11CBA2E8200B18092 /* Project object */;
			proxyType = 1;
			remoteGlobalIDString = D3D35DD81CBA2E8200B18092;
			remoteInfo = Herald_iOS;
		};
/* End PBXContainerItemProxy section */

/* Begin PBXCopyFilesBuildPhase section */
		D3578ABD1CDBABE300B291D0 /* Embed App Extensions */ = {
			isa = PBXCopyFilesBuildPhase;
			buildActionMask = 2147483647;
			dstPath = "";
			dstSubfolderSpec = 13;
			files = (
			);
			name = "Embed App Extensions";
			runOnlyForDeploymentPostprocessing = 0;
		};
/* End PBXCopyFilesBuildPhase section */

/* Begin PBXFileReference section */
		283283296736ED980EE6E1A6 /* Pods.framework */ = {isa = PBXFileReference; explicitFileType = wrapper.framework; includeInIndex = 0; path = Pods.framework; sourceTree = BUILT_PRODUCTS_DIR; };
		B6878935004ACF38EDF397D4 /* Pods.release.xcconfig */ = {isa = PBXFileReference; includeInIndex = 1; lastKnownFileType = text.xcconfig; name = Pods.release.xcconfig; path = "Pods/Target Support Files/Pods/Pods.release.xcconfig"; sourceTree = "<group>"; };
		D306E01F1CCA3ADF00FA3812 /* WebModuleViewController.swift */ = {isa = PBXFileReference; fileEncoding = 4; lastKnownFileType = sourcecode.swift; path = WebModuleViewController.swift; sourceTree = "<group>"; };
		D306E0211CCA3DFD00FA3812 /* AppModule.swift */ = {isa = PBXFileReference; fileEncoding = 4; lastKnownFileType = sourcecode.swift; path = AppModule.swift; sourceTree = "<group>"; };
		D306E0231CCA3F7700FA3812 /* ExamViewController.swift */ = {isa = PBXFileReference; fileEncoding = 4; lastKnownFileType = sourcecode.swift; path = ExamViewController.swift; sourceTree = "<group>"; };
		D306E0251CCA3F8400FA3812 /* ExamTableViewCell.swift */ = {isa = PBXFileReference; fileEncoding = 4; lastKnownFileType = sourcecode.swift; path = ExamTableViewCell.swift; sourceTree = "<group>"; };
		D306E0271CCA403D00FA3812 /* ExamModel.swift */ = {isa = PBXFileReference; fileEncoding = 4; lastKnownFileType = sourcecode.swift; path = ExamModel.swift; sourceTree = "<group>"; };
		D306E0291CCA68A700FA3812 /* GradeModel.swift */ = {isa = PBXFileReference; fileEncoding = 4; lastKnownFileType = sourcecode.swift; path = GradeModel.swift; sourceTree = "<group>"; };
		D306E02B1CCA68EB00FA3812 /* GradeTableViewCell.swift */ = {isa = PBXFileReference; fileEncoding = 4; lastKnownFileType = sourcecode.swift; path = GradeTableViewCell.swift; sourceTree = "<group>"; };
		D306E02D1CCA691F00FA3812 /* GradeViewController.swift */ = {isa = PBXFileReference; fileEncoding = 4; lastKnownFileType = sourcecode.swift; path = GradeViewController.swift; sourceTree = "<group>"; };
		D30A9BA01CBBA9100087D583 /* ApiThreadManager.swift */ = {isa = PBXFileReference; fileEncoding = 4; lastKnownFileType = sourcecode.swift; path = ApiThreadManager.swift; sourceTree = "<group>"; };
		D31821B11CC3B07800992355 /* LaunchScreen.storyboard */ = {isa = PBXFileReference; fileEncoding = 4; lastKnownFileType = file.storyboard; path = LaunchScreen.storyboard; sourceTree = "<group>"; };
		D31821B51CC48D5400992355 /* ServiceHelper.swift */ = {isa = PBXFileReference; fileEncoding = 4; lastKnownFileType = sourcecode.swift; path = ServiceHelper.swift; sourceTree = "<group>"; };
		D31821B81CC4D53300992355 /* CardsTableViewCell.swift */ = {isa = PBXFileReference; fileEncoding = 4; lastKnownFileType = sourcecode.swift; path = CardsTableViewCell.swift; sourceTree = "<group>"; };
		D31821BE1CC522D900992355 /* CardViewController.swift */ = {isa = PBXFileReference; fileEncoding = 4; lastKnownFileType = sourcecode.swift; path = CardViewController.swift; sourceTree = "<group>"; };
		D31821C01CC5256F00992355 /* CardTableViewCell.swift */ = {isa = PBXFileReference; fileEncoding = 4; lastKnownFileType = sourcecode.swift; path = CardTableViewCell.swift; sourceTree = "<group>"; };
		D31821C21CC5291000992355 /* CardHistoryModel.swift */ = {isa = PBXFileReference; fileEncoding = 4; lastKnownFileType = sourcecode.swift; path = CardHistoryModel.swift; sourceTree = "<group>"; };
		D31821C91CC7BC0400992355 /* Base */ = {isa = PBXFileReference; lastKnownFileType = file.storyboard; name = Base; path = Base.lproj/Main.storyboard; sourceTree = "<group>"; };
		D31821CB1CC8560F00992355 /* ExperimentTableViewCell.swift */ = {isa = PBXFileReference; fileEncoding = 4; lastKnownFileType = sourcecode.swift; path = ExperimentTableViewCell.swift; sourceTree = "<group>"; };
		D31821CD1CC856FF00992355 /* ExperimentViewController.swift */ = {isa = PBXFileReference; fileEncoding = 4; lastKnownFileType = sourcecode.swift; path = ExperimentViewController.swift; sourceTree = "<group>"; };
		D31821CF1CC8573200992355 /* ExperimentModel.swift */ = {isa = PBXFileReference; fileEncoding = 4; lastKnownFileType = sourcecode.swift; path = ExperimentModel.swift; sourceTree = "<group>"; };
		D31DE50D1CC334EC00E4891D /* ModuleTableViewCell.swift */ = {isa = PBXFileReference; fileEncoding = 4; lastKnownFileType = sourcecode.swift; path = ModuleTableViewCell.swift; sourceTree = "<group>"; };
		D31DE5111CC3592F00E4891D /* ClassInfo.swift */ = {isa = PBXFileReference; fileEncoding = 4; lastKnownFileType = sourcecode.swift; path = ClassInfo.swift; sourceTree = "<group>"; };
		D31DE5131CC3597800E4891D /* CurriculumBlock.swift */ = {isa = PBXFileReference; fileEncoding = 4; lastKnownFileType = sourcecode.swift; path = CurriculumBlock.swift; sourceTree = "<group>"; };
		D31DE5171CC359D300E4891D /* CurriculumViewController.swift */ = {isa = PBXFileReference; fileEncoding = 4; lastKnownFileType = sourcecode.swift; path = CurriculumViewController.swift; sourceTree = "<group>"; };
		D31DE5191CC35A3100E4891D /* CurriculumView.swift */ = {isa = PBXFileReference; fileEncoding = 4; lastKnownFileType = sourcecode.swift; path = CurriculumView.swift; sourceTree = "<group>"; };
		D3325D041CC89BA0002060A5 /* SwipeRefreshHeader.swift */ = {isa = PBXFileReference; fileEncoding = 4; lastKnownFileType = sourcecode.swift; path = SwipeRefreshHeader.swift; sourceTree = "<group>"; };
		D33678F71CE5971C001E7C25 /* CurriculumNotifier.swift */ = {isa = PBXFileReference; fileEncoding = 4; lastKnownFileType = sourcecode.swift; path = CurriculumNotifier.swift; sourceTree = "<group>"; };
		D348580B1CBB48FD00B55E76 /* ApiHelper.swift */ = {isa = PBXFileReference; fileEncoding = 4; lastKnownFileType = sourcecode.swift; path = ApiHelper.swift; sourceTree = "<group>"; };
		D348580D1CBB4FF900B55E76 /* CacheHelper.swift */ = {isa = PBXFileReference; fileEncoding = 4; lastKnownFileType = sourcecode.swift; path = CacheHelper.swift; sourceTree = "<group>"; };
		D34858101CBB57F600B55E76 /* NSUserDefaults.swift */ = {isa = PBXFileReference; fileEncoding = 4; lastKnownFileType = sourcecode.swift; path = NSUserDefaults.swift; sourceTree = "<group>"; };
		D34858121CBB60A600B55E76 /* ApiRequest.swift */ = {isa = PBXFileReference; fileEncoding = 4; lastKnownFileType = sourcecode.swift; path = ApiRequest.swift; sourceTree = "<group>"; };
		D34BCC721CE5D379005F4164 /* ExamNotifier.swift */ = {isa = PBXFileReference; fileEncoding = 4; lastKnownFileType = sourcecode.swift; path = ExamNotifier.swift; sourceTree = "<group>"; };
		D34E95851CCDCCE700AD1119 /* JwcCard.swift */ = {isa = PBXFileReference; fileEncoding = 4; lastKnownFileType = sourcecode.swift; path = JwcCard.swift; sourceTree = "<group>"; };
		D354905B1CDC519100E59615 /* GCalendar.swift */ = {isa = PBXFileReference; fileEncoding = 4; lastKnownFileType = sourcecode.swift; path = GCalendar.swift; sourceTree = "<group>"; };
		D3578AAE1CDBABE300B291D0 /* NotificationCenter.framework */ = {isa = PBXFileReference; lastKnownFileType = wrapper.framework; name = NotificationCenter.framework; path = System/Library/Frameworks/NotificationCenter.framework; sourceTree = SDKROOT; };
		D35FC6211CE2FEF400BE844C /* ActivityViewController.swift */ = {isa = PBXFileReference; fileEncoding = 4; lastKnownFileType = sourcecode.swift; path = ActivityViewController.swift; sourceTree = "<group>"; };
		D35FC6231CE301F700BE844C /* ActivityModel.swift */ = {isa = PBXFileReference; fileEncoding = 4; lastKnownFileType = sourcecode.swift; path = ActivityModel.swift; sourceTree = "<group>"; };
		D35FC6251CE31A3500BE844C /* ActivityTableViewCell.swift */ = {isa = PBXFileReference; fileEncoding = 4; lastKnownFileType = sourcecode.swift; path = ActivityTableViewCell.swift; sourceTree = "<group>"; };
		D35FC6271CE3236300BE844C /* PullLoadFooter.swift */ = {isa = PBXFileReference; fileEncoding = 4; lastKnownFileType = sourcecode.swift; path = PullLoadFooter.swift; sourceTree = "<group>"; };
		D35FC6291CE33A1E00BE844C /* ActivityCard.swift */ = {isa = PBXFileReference; fileEncoding = 4; lastKnownFileType = sourcecode.swift; path = ActivityCard.swift; sourceTree = "<group>"; };
		D37708611CCC5D37006ED853 /* FeedbackViewController.swift */ = {isa = PBXFileReference; fileEncoding = 4; lastKnownFileType = sourcecode.swift; path = FeedbackViewController.swift; sourceTree = "<group>"; };
		D37708641CCC67DC006ED853 /* CardsModel.swift */ = {isa = PBXFileReference; fileEncoding = 4; lastKnownFileType = sourcecode.swift; path = CardsModel.swift; sourceTree = "<group>"; };
		D38A7E5D1CE5ABFF0033926E /* ExperimentNotifier.swift */ = {isa = PBXFileReference; fileEncoding = 4; lastKnownFileType = sourcecode.swift; path = ExperimentNotifier.swift; sourceTree = "<group>"; };
		D39B87961CCCCA0200EC5280 /* CardsRowModel.swift */ = {isa = PBXFileReference; fileEncoding = 4; lastKnownFileType = sourcecode.swift; path = CardsRowModel.swift; sourceTree = "<group>"; };
		D39B87991CCCEC2E00EC5280 /* CardCard.swift */ = {isa = PBXFileReference; fileEncoding = 4; lastKnownFileType = sourcecode.swift; path = CardCard.swift; sourceTree = "<group>"; };
		D39B879B1CCCF02600EC5280 /* ExperimentCard.swift */ = {isa = PBXFileReference; fileEncoding = 4; lastKnownFileType = sourcecode.swift; path = ExperimentCard.swift; sourceTree = "<group>"; };
		D39B879D1CCD0C0B00EC5280 /* ExamCard.swift */ = {isa = PBXFileReference; fileEncoding = 4; lastKnownFileType = sourcecode.swift; path = ExamCard.swift; sourceTree = "<group>"; };
		D39B879F1CCD0F0E00EC5280 /* Error.swift */ = {isa = PBXFileReference; fileEncoding = 4; lastKnownFileType = sourcecode.swift; path = Error.swift; sourceTree = "<group>"; };
		D39B87A11CCD120F00EC5280 /* LectureCard.swift */ = {isa = PBXFileReference; fileEncoding = 4; lastKnownFileType = sourcecode.swift; path = LectureCard.swift; sourceTree = "<group>"; };
		D39B87A31CCD12EC00EC5280 /* String.swift */ = {isa = PBXFileReference; fileEncoding = 4; lastKnownFileType = sourcecode.swift; path = String.swift; sourceTree = "<group>"; };
		D39B87A51CCD194E00EC5280 /* PedetailCard.swift */ = {isa = PBXFileReference; fileEncoding = 4; lastKnownFileType = sourcecode.swift; path = PedetailCard.swift; sourceTree = "<group>"; };
		D3A0C16F1CBB7A3A00744640 /* MainViewController.swift */ = {isa = PBXFileReference; fileEncoding = 4; lastKnownFileType = sourcecode.swift; path = MainViewController.swift; sourceTree = "<group>"; };
		D3A0C1711CBB7A9800744640 /* CardsViewController.swift */ = {isa = PBXFileReference; fileEncoding = 4; lastKnownFileType = sourcecode.swift; path = CardsViewController.swift; sourceTree = "<group>"; };
		D3A0C1731CBB7AF500744640 /* ModulesViewController.swift */ = {isa = PBXFileReference; fileEncoding = 4; lastKnownFileType = sourcecode.swift; path = ModulesViewController.swift; sourceTree = "<group>"; };
		D3A0C1761CBB7B2300744640 /* MyInfoViewController.swift */ = {isa = PBXFileReference; fileEncoding = 4; lastKnownFileType = sourcecode.swift; path = MyInfoViewController.swift; sourceTree = "<group>"; };
		D3D35DD91CBA2E8200B18092 /* 小猴偷米.app */ = {isa = PBXFileReference; explicitFileType = wrapper.application; includeInIndex = 0; path = "小猴偷米.app"; sourceTree = BUILT_PRODUCTS_DIR; };
		D3D35DDC1CBA2E8200B18092 /* AppDelegate.swift */ = {isa = PBXFileReference; lastKnownFileType = sourcecode.swift; path = AppDelegate.swift; sourceTree = "<group>"; };
		D3D35DDE1CBA2E8200B18092 /* LoginViewController.swift */ = {isa = PBXFileReference; lastKnownFileType = sourcecode.swift; path = LoginViewController.swift; sourceTree = "<group>"; };
		D3D35DE31CBA2E8200B18092 /* Assets.xcassets */ = {isa = PBXFileReference; lastKnownFileType = folder.assetcatalog; path = Assets.xcassets; sourceTree = "<group>"; };
		D3D35DE81CBA2E8200B18092 /* Info.plist */ = {isa = PBXFileReference; lastKnownFileType = text.plist.xml; path = Info.plist; sourceTree = "<group>"; };
		D3D35DED1CBA2E8200B18092 /* Herald_iOSTests.xctest */ = {isa = PBXFileReference; explicitFileType = wrapper.cfbundle; includeInIndex = 0; path = Herald_iOSTests.xctest; sourceTree = BUILT_PRODUCTS_DIR; };
		D3D35DF11CBA2E8200B18092 /* Herald_iOSTests.swift */ = {isa = PBXFileReference; lastKnownFileType = sourcecode.swift; path = Herald_iOSTests.swift; sourceTree = "<group>"; };
		D3D35DF31CBA2E8200B18092 /* Info.plist */ = {isa = PBXFileReference; lastKnownFileType = text.plist.xml; path = Info.plist; sourceTree = "<group>"; };
		D3D35DF81CBA2E8200B18092 /* Herald_iOSUITests.xctest */ = {isa = PBXFileReference; explicitFileType = wrapper.cfbundle; includeInIndex = 0; path = Herald_iOSUITests.xctest; sourceTree = BUILT_PRODUCTS_DIR; };
		D3D35DFC1CBA2E8200B18092 /* Herald_iOSUITests.swift */ = {isa = PBXFileReference; lastKnownFileType = sourcecode.swift; path = Herald_iOSUITests.swift; sourceTree = "<group>"; };
		D3D35DFE1CBA2E8200B18092 /* Info.plist */ = {isa = PBXFileReference; lastKnownFileType = text.plist.xml; path = Info.plist; sourceTree = "<group>"; };
		D3E6BD7B1CC8BF740074FF6D /* ModuleManageTableViewCell.swift */ = {isa = PBXFileReference; fileEncoding = 4; lastKnownFileType = sourcecode.swift; path = ModuleManageTableViewCell.swift; sourceTree = "<group>"; };
		D3E6BD7E1CC8C07F0074FF6D /* ModuleManagerViewController.swift */ = {isa = PBXFileReference; fileEncoding = 4; lastKnownFileType = sourcecode.swift; path = ModuleManagerViewController.swift; sourceTree = "<group>"; };
		D3E6BD811CC8D4B20074FF6D /* PedetailViewController.swift */ = {isa = PBXFileReference; fileEncoding = 4; lastKnownFileType = sourcecode.swift; path = PedetailViewController.swift; sourceTree = "<group>"; };
		D3ED99D31CCAF9FC00001E2B /* SeuNetViewController.swift */ = {isa = PBXFileReference; fileEncoding = 4; lastKnownFileType = sourcecode.swift; path = SeuNetViewController.swift; sourceTree = "<group>"; };
		D3ED99D51CCB080000001E2B /* SchoolbusModel.swift */ = {isa = PBXFileReference; fileEncoding = 4; lastKnownFileType = sourcecode.swift; path = SchoolbusModel.swift; sourceTree = "<group>"; };
		D3ED99D71CCB08B300001E2B /* SchoolbusTableViewCell.swift */ = {isa = PBXFileReference; fileEncoding = 4; lastKnownFileType = sourcecode.swift; path = SchoolbusTableViewCell.swift; sourceTree = "<group>"; };
		D3ED99D91CCB091700001E2B /* SchoolbusViewController.swift */ = {isa = PBXFileReference; fileEncoding = 4; lastKnownFileType = sourcecode.swift; path = SchoolbusViewController.swift; sourceTree = "<group>"; };
		D3ED99DB1CCB1DB400001E2B /* SrtpModel.swift */ = {isa = PBXFileReference; fileEncoding = 4; lastKnownFileType = sourcecode.swift; path = SrtpModel.swift; sourceTree = "<group>"; };
		D3ED99DD1CCB3DB600001E2B /* SrtpTableViewCell.swift */ = {isa = PBXFileReference; fileEncoding = 4; lastKnownFileType = sourcecode.swift; path = SrtpTableViewCell.swift; sourceTree = "<group>"; };
		D3ED99DF1CCB3DFD00001E2B /* SrtpViewController.swift */ = {isa = PBXFileReference; fileEncoding = 4; lastKnownFileType = sourcecode.swift; path = SrtpViewController.swift; sourceTree = "<group>"; };
		D3ED99E11CCB5BCB00001E2B /* LibraryBookModel.swift */ = {isa = PBXFileReference; fileEncoding = 4; lastKnownFileType = sourcecode.swift; path = LibraryBookModel.swift; sourceTree = "<group>"; };
		D3ED99E31CCB64BE00001E2B /* LibraryTableViewCell.swift */ = {isa = PBXFileReference; fileEncoding = 4; lastKnownFileType = sourcecode.swift; path = LibraryTableViewCell.swift; sourceTree = "<group>"; };
		D3ED99E51CCB651300001E2B /* LibraryViewController.swift */ = {isa = PBXFileReference; fileEncoding = 4; lastKnownFileType = sourcecode.swift; path = LibraryViewController.swift; sourceTree = "<group>"; };
		D3ED99E71CCB870200001E2B /* AboutUsViewController.swift */ = {isa = PBXFileReference; fileEncoding = 4; lastKnownFileType = sourcecode.swift; path = AboutUsViewController.swift; sourceTree = "<group>"; };
		D3EFC1D61CCC81A800BC37A5 /* CurriculumCard.swift */ = {isa = PBXFileReference; fileEncoding = 4; lastKnownFileType = sourcecode.swift; path = CurriculumCard.swift; sourceTree = "<group>"; };
		D3F375C61CDB3957004DDEA5 /* WifiLoginHelper.swift */ = {isa = PBXFileReference; fileEncoding = 4; lastKnownFileType = sourcecode.swift; path = WifiLoginHelper.swift; sourceTree = "<group>"; };
		D3F3DCFA1CBB7792006887F5 /* SettingsHelper.swift */ = {isa = PBXFileReference; fileEncoding = 4; lastKnownFileType = sourcecode.swift; path = SettingsHelper.swift; sourceTree = "<group>"; };
		D3F473441CCA04C100750FFB /* JwcTableViewCell.swift */ = {isa = PBXFileReference; fileEncoding = 4; lastKnownFileType = sourcecode.swift; path = JwcTableViewCell.swift; sourceTree = "<group>"; };
		D3F473461CCA05CD00750FFB /* JwcViewController.swift */ = {isa = PBXFileReference; fileEncoding = 4; lastKnownFileType = sourcecode.swift; path = JwcViewController.swift; sourceTree = "<group>"; };
		D3F473481CCA068D00750FFB /* JwcNoticeModel.swift */ = {isa = PBXFileReference; fileEncoding = 4; lastKnownFileType = sourcecode.swift; path = JwcNoticeModel.swift; sourceTree = "<group>"; };
		D3F4734A1CCA146800750FFB /* LectureTableViewCell.swift */ = {isa = PBXFileReference; fileEncoding = 4; lastKnownFileType = sourcecode.swift; path = LectureTableViewCell.swift; sourceTree = "<group>"; };
		D3F4734C1CCA153A00750FFB /* LectureModel.swift */ = {isa = PBXFileReference; fileEncoding = 4; lastKnownFileType = sourcecode.swift; path = LectureModel.swift; sourceTree = "<group>"; };
		D3F4734E1CCA15C900750FFB /* LectureViewController.swift */ = {isa = PBXFileReference; fileEncoding = 4; lastKnownFileType = sourcecode.swift; path = LectureViewController.swift; sourceTree = "<group>"; };
		D3FBC2F11CCC51F900305428 /* UIViewController.swift */ = {isa = PBXFileReference; fileEncoding = 4; lastKnownFileType = sourcecode.swift; path = UIViewController.swift; sourceTree = "<group>"; };
		DA028C4F1CDF422F005343DE /* Reveal.framework */ = {isa = PBXFileReference; lastKnownFileType = wrapper.framework; path = Reveal.framework; sourceTree = "<group>"; };
		ED76AC9BE4F12BE2D1325536 /* Pods.debug.xcconfig */ = {isa = PBXFileReference; includeInIndex = 1; lastKnownFileType = text.xcconfig; name = Pods.debug.xcconfig; path = "Pods/Target Support Files/Pods/Pods.debug.xcconfig"; sourceTree = "<group>"; };
/* End PBXFileReference section */

/* Begin PBXFrameworksBuildPhase section */
		D3D35DD61CBA2E8200B18092 /* Frameworks */ = {
			isa = PBXFrameworksBuildPhase;
			buildActionMask = 2147483647;
			files = (
				35B0B9E24AE997C9060E6BC4 /* Pods.framework in Frameworks */,
			);
			runOnlyForDeploymentPostprocessing = 0;
		};
		D3D35DEA1CBA2E8200B18092 /* Frameworks */ = {
			isa = PBXFrameworksBuildPhase;
			buildActionMask = 2147483647;
			files = (
			);
			runOnlyForDeploymentPostprocessing = 0;
		};
		D3D35DF51CBA2E8200B18092 /* Frameworks */ = {
			isa = PBXFrameworksBuildPhase;
			buildActionMask = 2147483647;
			files = (
			);
			runOnlyForDeploymentPostprocessing = 0;
		};
/* End PBXFrameworksBuildPhase section */

/* Begin PBXGroup section */
		D31DE50C1CC334D800E4891D /* custom */ = {
			isa = PBXGroup;
			children = (
				D3325D041CC89BA0002060A5 /* SwipeRefreshHeader.swift */,
				D35FC6271CE3236300BE844C /* PullLoadFooter.swift */,
				D39B879F1CCD0F0E00EC5280 /* Error.swift */,
				D354905B1CDC519100E59615 /* GCalendar.swift */,
			);
			name = custom;
			sourceTree = "<group>";
		};
		D34858091CBB46AF00B55E76 /* app_main */ = {
			isa = PBXGroup;
			children = (
				D3A0C16F1CBB7A3A00744640 /* MainViewController.swift */,
				D3A0C1711CBB7A9800744640 /* CardsViewController.swift */,
				D31821B81CC4D53300992355 /* CardsTableViewCell.swift */,
				D37708641CCC67DC006ED853 /* CardsModel.swift */,
				D39B87961CCCCA0200EC5280 /* CardsRowModel.swift */,
				D35FC6211CE2FEF400BE844C /* ActivityViewController.swift */,
				D35FC6251CE31A3500BE844C /* ActivityTableViewCell.swift */,
				D35FC6231CE301F700BE844C /* ActivityModel.swift */,
				D3A0C1731CBB7AF500744640 /* ModulesViewController.swift */,
				D31DE50D1CC334EC00E4891D /* ModuleTableViewCell.swift */,
				D3A0C1761CBB7B2300744640 /* MyInfoViewController.swift */,
			);
			name = app_main;
			sourceTree = "<group>";
		};
		D348580A1CBB48EF00B55E76 /* helper */ = {
			isa = PBXGroup;
			children = (
				D306E0211CCA3DFD00FA3812 /* AppModule.swift */,
				D348580B1CBB48FD00B55E76 /* ApiHelper.swift */,
				D34858121CBB60A600B55E76 /* ApiRequest.swift */,
				D30A9BA01CBBA9100087D583 /* ApiThreadManager.swift */,
				D348580D1CBB4FF900B55E76 /* CacheHelper.swift */,
				D3F3DCFA1CBB7792006887F5 /* SettingsHelper.swift */,
				D31821B51CC48D5400992355 /* ServiceHelper.swift */,
				D3F375C61CDB3957004DDEA5 /* WifiLoginHelper.swift */,
			);
			name = helper;
			sourceTree = "<group>";
		};
		D348580F1CBB57DC00B55E76 /* extension */ = {
			isa = PBXGroup;
			children = (
				D34858101CBB57F600B55E76 /* NSUserDefaults.swift */,
				D3FBC2F11CCC51F900305428 /* UIViewController.swift */,
				D39B87A31CCD12EC00EC5280 /* String.swift */,
			);
			name = extension;
			sourceTree = "<group>";
		};
		D39B87981CCCEC0C00EC5280 /* mod_cards */ = {
			isa = PBXGroup;
			children = (
				D3EFC1D61CCC81A800BC37A5 /* CurriculumCard.swift */,
				D39B87991CCCEC2E00EC5280 /* CardCard.swift */,
				D39B879B1CCCF02600EC5280 /* ExperimentCard.swift */,
				D39B879D1CCD0C0B00EC5280 /* ExamCard.swift */,
				D39B87A11CCD120F00EC5280 /* LectureCard.swift */,
				D39B87A51CCD194E00EC5280 /* PedetailCard.swift */,
				D34E95851CCDCCE700AD1119 /* JwcCard.swift */,
				D35FC6291CE33A1E00BE844C /* ActivityCard.swift */,
			);
			name = mod_cards;
			sourceTree = "<group>";
		};
		D3A0C1791CBB7C0000744640 /* mod_modulemanage */ = {
			isa = PBXGroup;
			children = (
				D3E6BD7B1CC8BF740074FF6D /* ModuleManageTableViewCell.swift */,
				D3E6BD7E1CC8C07F0074FF6D /* ModuleManagerViewController.swift */,
			);
			name = mod_modulemanage;
			sourceTree = "<group>";
		};
		D3A0C17A1CBB7C1200744640 /* mod_query */ = {
			isa = PBXGroup;
			children = (
				D3A0C17D1CBB7C5800744640 /* cardextra */,
				D3A0C17E1CBB7C6100744640 /* curriculum */,
				D3A0C1801CBB7C7700744640 /* exam */,
				D3A0C1811CBB7C7F00744640 /* experiment */,
				D3A0C1821CBB7C8F00744640 /* grade */,
				D3A0C1841CBB7CCE00744640 /* jwc */,
				D3A0C1851CBB7CD800744640 /* lecture */,
				D3A0C1861CBB7CDF00744640 /* library */,
				D3A0C1871CBB7CE700744640 /* pedetail */,
				D3A0C1891CBB7D0D00744640 /* schoolbus */,
				D3A0C18A1CBB7D1600744640 /* seunet */,
				D3A0C18B1CBB7D1D00744640 /* srtp */,
			);
			name = mod_query;
			sourceTree = "<group>";
		};
		D3A0C17C1CBB7C4B00744640 /* mod_webmodule */ = {
			isa = PBXGroup;
			children = (
				D306E01F1CCA3ADF00FA3812 /* WebModuleViewController.swift */,
			);
			name = mod_webmodule;
			sourceTree = "<group>";
		};
		D3A0C17D1CBB7C5800744640 /* cardextra */ = {
			isa = PBXGroup;
			children = (
				D31821BE1CC522D900992355 /* CardViewController.swift */,
				D31821C01CC5256F00992355 /* CardTableViewCell.swift */,
				D31821C21CC5291000992355 /* CardHistoryModel.swift */,
			);
			name = cardextra;
			sourceTree = "<group>";
		};
		D3A0C17E1CBB7C6100744640 /* curriculum */ = {
			isa = PBXGroup;
			children = (
				D31DE5171CC359D300E4891D /* CurriculumViewController.swift */,
				D31DE5191CC35A3100E4891D /* CurriculumView.swift */,
				D31DE5131CC3597800E4891D /* CurriculumBlock.swift */,
				D31DE5111CC3592F00E4891D /* ClassInfo.swift */,
			);
			name = curriculum;
			sourceTree = "<group>";
		};
		D3A0C1801CBB7C7700744640 /* exam */ = {
			isa = PBXGroup;
			children = (
				D306E0231CCA3F7700FA3812 /* ExamViewController.swift */,
				D306E0251CCA3F8400FA3812 /* ExamTableViewCell.swift */,
				D306E0271CCA403D00FA3812 /* ExamModel.swift */,
			);
			name = exam;
			sourceTree = "<group>";
		};
		D3A0C1811CBB7C7F00744640 /* experiment */ = {
			isa = PBXGroup;
			children = (
				D31821CD1CC856FF00992355 /* ExperimentViewController.swift */,
				D31821CB1CC8560F00992355 /* ExperimentTableViewCell.swift */,
				D31821CF1CC8573200992355 /* ExperimentModel.swift */,
			);
			name = experiment;
			sourceTree = "<group>";
		};
		D3A0C1821CBB7C8F00744640 /* grade */ = {
			isa = PBXGroup;
			children = (
				D306E02D1CCA691F00FA3812 /* GradeViewController.swift */,
				D306E02B1CCA68EB00FA3812 /* GradeTableViewCell.swift */,
				D306E0291CCA68A700FA3812 /* GradeModel.swift */,
			);
			name = grade;
			sourceTree = "<group>";
		};
		D3A0C1841CBB7CCE00744640 /* jwc */ = {
			isa = PBXGroup;
			children = (
				D3F473461CCA05CD00750FFB /* JwcViewController.swift */,
				D3F473441CCA04C100750FFB /* JwcTableViewCell.swift */,
				D3F473481CCA068D00750FFB /* JwcNoticeModel.swift */,
			);
			name = jwc;
			sourceTree = "<group>";
		};
		D3A0C1851CBB7CD800744640 /* lecture */ = {
			isa = PBXGroup;
			children = (
				D3F4734E1CCA15C900750FFB /* LectureViewController.swift */,
				D3F4734A1CCA146800750FFB /* LectureTableViewCell.swift */,
				D3F4734C1CCA153A00750FFB /* LectureModel.swift */,
			);
			name = lecture;
			sourceTree = "<group>";
		};
		D3A0C1861CBB7CDF00744640 /* library */ = {
			isa = PBXGroup;
			children = (
				D3ED99E51CCB651300001E2B /* LibraryViewController.swift */,
				D3ED99E31CCB64BE00001E2B /* LibraryTableViewCell.swift */,
				D3ED99E11CCB5BCB00001E2B /* LibraryBookModel.swift */,
			);
			name = library;
			sourceTree = "<group>";
		};
		D3A0C1871CBB7CE700744640 /* pedetail */ = {
			isa = PBXGroup;
			children = (
				D3E6BD811CC8D4B20074FF6D /* PedetailViewController.swift */,
			);
			name = pedetail;
			sourceTree = "<group>";
		};
		D3A0C1891CBB7D0D00744640 /* schoolbus */ = {
			isa = PBXGroup;
			children = (
				D3ED99D91CCB091700001E2B /* SchoolbusViewController.swift */,
				D3ED99D71CCB08B300001E2B /* SchoolbusTableViewCell.swift */,
				D3ED99D51CCB080000001E2B /* SchoolbusModel.swift */,
			);
			name = schoolbus;
			sourceTree = "<group>";
		};
		D3A0C18A1CBB7D1600744640 /* seunet */ = {
			isa = PBXGroup;
			children = (
				D3ED99D31CCAF9FC00001E2B /* SeuNetViewController.swift */,
			);
			name = seunet;
			sourceTree = "<group>";
		};
		D3A0C18B1CBB7D1D00744640 /* srtp */ = {
			isa = PBXGroup;
			children = (
				D3ED99DF1CCB3DFD00001E2B /* SrtpViewController.swift */,
				D3ED99DD1CCB3DB600001E2B /* SrtpTableViewCell.swift */,
				D3ED99DB1CCB1DB400001E2B /* SrtpModel.swift */,
			);
			name = srtp;
			sourceTree = "<group>";
		};
		D3D35DD01CBA2E8200B18092 = {
			isa = PBXGroup;
			children = (
				D3D35DDB1CBA2E8200B18092 /* Herald_iOS */,
				D3D35DF01CBA2E8200B18092 /* Herald_iOSTests */,
				D3D35DFB1CBA2E8200B18092 /* Herald_iOSUITests */,
				D3D35DDA1CBA2E8200B18092 /* Products */,
				DD11F4816A147BF4EB866EB6 /* Pods */,
				F527AB77D4F37A7ED7959F74 /* Frameworks */,
			);
			sourceTree = "<group>";
		};
		D3D35DDA1CBA2E8200B18092 /* Products */ = {
			isa = PBXGroup;
			children = (
				D3D35DD91CBA2E8200B18092 /* 小猴偷米.app */,
				D3D35DED1CBA2E8200B18092 /* Herald_iOSTests.xctest */,
				D3D35DF81CBA2E8200B18092 /* Herald_iOSUITests.xctest */,
			);
			name = Products;
			sourceTree = "<group>";
		};
		D3D35DDB1CBA2E8200B18092 /* Herald_iOS */ = {
			isa = PBXGroup;
			children = (
				D31821C81CC7BC0400992355 /* Main.storyboard */,
				D31821B11CC3B07800992355 /* LaunchScreen.storyboard */,
				D3D35DDC1CBA2E8200B18092 /* AppDelegate.swift */,
				D3D35DE31CBA2E8200B18092 /* Assets.xcassets */,
				D34858091CBB46AF00B55E76 /* app_main */,
				D31DE50C1CC334D800E4891D /* custom */,
				D348580F1CBB57DC00B55E76 /* extension */,
				D348580A1CBB48EF00B55E76 /* helper */,
				D3D35E0B1CBA2FFC00B18092 /* mod_auth */,
				D39B87981CCCEC0C00EC5280 /* mod_cards */,
				D3D35E0A1CBA2FEE00B18092 /* mod_communicate */,
				D3A0C1791CBB7C0000744640 /* mod_modulemanage */,
				D3DE9A951CE581A30090EF0D /* mod_notifiers */,
				D3A0C17A1CBB7C1200744640 /* mod_query */,
				D3A0C17C1CBB7C4B00744640 /* mod_webmodule */,
				D3D35DE81CBA2E8200B18092 /* Info.plist */,
			);
			path = Herald_iOS;
			sourceTree = "<group>";
		};
		D3D35DF01CBA2E8200B18092 /* Herald_iOSTests */ = {
			isa = PBXGroup;
			children = (
				D3D35DF11CBA2E8200B18092 /* Herald_iOSTests.swift */,
				D3D35DF31CBA2E8200B18092 /* Info.plist */,
			);
			path = Herald_iOSTests;
			sourceTree = "<group>";
		};
		D3D35DFB1CBA2E8200B18092 /* Herald_iOSUITests */ = {
			isa = PBXGroup;
			children = (
				D3D35DFC1CBA2E8200B18092 /* Herald_iOSUITests.swift */,
				D3D35DFE1CBA2E8200B18092 /* Info.plist */,
			);
			path = Herald_iOSUITests;
			sourceTree = "<group>";
		};
		D3D35E0A1CBA2FEE00B18092 /* mod_communicate */ = {
			isa = PBXGroup;
			children = (
				D3ED99E71CCB870200001E2B /* AboutUsViewController.swift */,
				D37708611CCC5D37006ED853 /* FeedbackViewController.swift */,
			);
			name = mod_communicate;
			sourceTree = "<group>";
		};
		D3D35E0B1CBA2FFC00B18092 /* mod_auth */ = {
			isa = PBXGroup;
			children = (
				D3D35DDE1CBA2E8200B18092 /* LoginViewController.swift */,
			);
			name = mod_auth;
			sourceTree = "<group>";
		};
		D3DE9A951CE581A30090EF0D /* mod_notifiers */ = {
			isa = PBXGroup;
			children = (
				D33678F71CE5971C001E7C25 /* CurriculumNotifier.swift */,
				D38A7E5D1CE5ABFF0033926E /* ExperimentNotifier.swift */,
				D34BCC721CE5D379005F4164 /* ExamNotifier.swift */,
			);
			name = mod_notifiers;
			sourceTree = "<group>";
		};
		DD11F4816A147BF4EB866EB6 /* Pods */ = {
			isa = PBXGroup;
			children = (
				ED76AC9BE4F12BE2D1325536 /* Pods.debug.xcconfig */,
				B6878935004ACF38EDF397D4 /* Pods.release.xcconfig */,
			);
			name = Pods;
			sourceTree = "<group>";
		};
		F527AB77D4F37A7ED7959F74 /* Frameworks */ = {
			isa = PBXGroup;
			children = (
				DA028C4F1CDF422F005343DE /* Reveal.framework */,
				283283296736ED980EE6E1A6 /* Pods.framework */,
				D3578AAE1CDBABE300B291D0 /* NotificationCenter.framework */,
			);
			name = Frameworks;
			sourceTree = "<group>";
		};
/* End PBXGroup section */

/* Begin PBXNativeTarget section */
		D3D35DD81CBA2E8200B18092 /* Herald_iOS */ = {
			isa = PBXNativeTarget;
			buildConfigurationList = D3D35E011CBA2E8200B18092 /* Build configuration list for PBXNativeTarget "Herald_iOS" */;
			buildPhases = (
				4954EB5E836F24FAC4EE9B06 /* Check Pods Manifest.lock */,
				D3D35DD51CBA2E8200B18092 /* Sources */,
				D3D35DD61CBA2E8200B18092 /* Frameworks */,
				D3D35DD71CBA2E8200B18092 /* Resources */,
				0B8948C67D3C219565E1DD35 /* Embed Pods Frameworks */,
				F4FB81568F51A7183763D838 /* Copy Pods Resources */,
				D3578ABD1CDBABE300B291D0 /* Embed App Extensions */,
			);
			buildRules = (
			);
			dependencies = (
			);
			name = Herald_iOS;
			productName = Herald_iOS;
			productReference = D3D35DD91CBA2E8200B18092 /* 小猴偷米.app */;
			productType = "com.apple.product-type.application";
		};
		D3D35DEC1CBA2E8200B18092 /* Herald_iOSTests */ = {
			isa = PBXNativeTarget;
			buildConfigurationList = D3D35E041CBA2E8200B18092 /* Build configuration list for PBXNativeTarget "Herald_iOSTests" */;
			buildPhases = (
				D3D35DE91CBA2E8200B18092 /* Sources */,
				D3D35DEA1CBA2E8200B18092 /* Frameworks */,
				D3D35DEB1CBA2E8200B18092 /* Resources */,
			);
			buildRules = (
			);
			dependencies = (
				D3D35DEF1CBA2E8200B18092 /* PBXTargetDependency */,
			);
			name = Herald_iOSTests;
			productName = Herald_iOSTests;
			productReference = D3D35DED1CBA2E8200B18092 /* Herald_iOSTests.xctest */;
			productType = "com.apple.product-type.bundle.unit-test";
		};
		D3D35DF71CBA2E8200B18092 /* Herald_iOSUITests */ = {
			isa = PBXNativeTarget;
			buildConfigurationList = D3D35E071CBA2E8200B18092 /* Build configuration list for PBXNativeTarget "Herald_iOSUITests" */;
			buildPhases = (
				D3D35DF41CBA2E8200B18092 /* Sources */,
				D3D35DF51CBA2E8200B18092 /* Frameworks */,
				D3D35DF61CBA2E8200B18092 /* Resources */,
			);
			buildRules = (
			);
			dependencies = (
				D3D35DFA1CBA2E8200B18092 /* PBXTargetDependency */,
			);
			name = Herald_iOSUITests;
			productName = Herald_iOSUITests;
			productReference = D3D35DF81CBA2E8200B18092 /* Herald_iOSUITests.xctest */;
			productType = "com.apple.product-type.bundle.ui-testing";
		};
/* End PBXNativeTarget section */

/* Begin PBXProject section */
		D3D35DD11CBA2E8200B18092 /* Project object */ = {
			isa = PBXProject;
			attributes = {
				LastSwiftUpdateCheck = 0730;
				LastUpgradeCheck = 0730;
				ORGANIZATIONNAME = HeraldStudio;
				TargetAttributes = {
					D3D35DD81CBA2E8200B18092 = {
						CreatedOnToolsVersion = 7.3;
						DevelopmentTeam = HMBY8X7FLF;
						SystemCapabilities = {
							com.apple.ApplicationGroups.iOS = {
								enabled = 0;
							};
						};
					};
					D3D35DEC1CBA2E8200B18092 = {
						CreatedOnToolsVersion = 7.3;
						TestTargetID = D3D35DD81CBA2E8200B18092;
					};
					D3D35DF71CBA2E8200B18092 = {
						CreatedOnToolsVersion = 7.3;
						TestTargetID = D3D35DD81CBA2E8200B18092;
					};
				};
			};
			buildConfigurationList = D3D35DD41CBA2E8200B18092 /* Build configuration list for PBXProject "Herald_iOS" */;
			compatibilityVersion = "Xcode 3.2";
			developmentRegion = English;
			hasScannedForEncodings = 0;
			knownRegions = (
				en,
				Base,
			);
			mainGroup = D3D35DD01CBA2E8200B18092;
			productRefGroup = D3D35DDA1CBA2E8200B18092 /* Products */;
			projectDirPath = "";
			projectRoot = "";
			targets = (
				D3D35DD81CBA2E8200B18092 /* Herald_iOS */,
				D3D35DEC1CBA2E8200B18092 /* Herald_iOSTests */,
				D3D35DF71CBA2E8200B18092 /* Herald_iOSUITests */,
			);
		};
/* End PBXProject section */

/* Begin PBXResourcesBuildPhase section */
		D3D35DD71CBA2E8200B18092 /* Resources */ = {
			isa = PBXResourcesBuildPhase;
			buildActionMask = 2147483647;
			files = (
				D31821CA1CC7BC0400992355 /* Main.storyboard in Resources */,
				D3D35DE41CBA2E8200B18092 /* Assets.xcassets in Resources */,
				D31821B21CC3B07800992355 /* LaunchScreen.storyboard in Resources */,
			);
			runOnlyForDeploymentPostprocessing = 0;
		};
		D3D35DEB1CBA2E8200B18092 /* Resources */ = {
			isa = PBXResourcesBuildPhase;
			buildActionMask = 2147483647;
			files = (
			);
			runOnlyForDeploymentPostprocessing = 0;
		};
		D3D35DF61CBA2E8200B18092 /* Resources */ = {
			isa = PBXResourcesBuildPhase;
			buildActionMask = 2147483647;
			files = (
			);
			runOnlyForDeploymentPostprocessing = 0;
		};
/* End PBXResourcesBuildPhase section */

/* Begin PBXShellScriptBuildPhase section */
		0B8948C67D3C219565E1DD35 /* Embed Pods Frameworks */ = {
			isa = PBXShellScriptBuildPhase;
			buildActionMask = 2147483647;
			files = (
			);
			inputPaths = (
			);
			name = "Embed Pods Frameworks";
			outputPaths = (
			);
			runOnlyForDeploymentPostprocessing = 0;
			shellPath = /bin/sh;
			shellScript = "\"${SRCROOT}/Pods/Target Support Files/Pods/Pods-frameworks.sh\"\n";
			showEnvVarsInLog = 0;
		};
		4954EB5E836F24FAC4EE9B06 /* Check Pods Manifest.lock */ = {
			isa = PBXShellScriptBuildPhase;
			buildActionMask = 2147483647;
			files = (
			);
			inputPaths = (
			);
			name = "Check Pods Manifest.lock";
			outputPaths = (
			);
			runOnlyForDeploymentPostprocessing = 0;
			shellPath = /bin/sh;
			shellScript = "diff \"${PODS_ROOT}/../Podfile.lock\" \"${PODS_ROOT}/Manifest.lock\" > /dev/null\nif [[ $? != 0 ]] ; then\n    cat << EOM\nerror: The sandbox is not in sync with the Podfile.lock. Run 'pod install' or update your CocoaPods installation.\nEOM\n    exit 1\nfi\n";
			showEnvVarsInLog = 0;
		};
		F4FB81568F51A7183763D838 /* Copy Pods Resources */ = {
			isa = PBXShellScriptBuildPhase;
			buildActionMask = 2147483647;
			files = (
			);
			inputPaths = (
			);
			name = "Copy Pods Resources";
			outputPaths = (
			);
			runOnlyForDeploymentPostprocessing = 0;
			shellPath = /bin/sh;
			shellScript = "\"${SRCROOT}/Pods/Target Support Files/Pods/Pods-resources.sh\"\n";
			showEnvVarsInLog = 0;
		};
/* End PBXShellScriptBuildPhase section */

/* Begin PBXSourcesBuildPhase section */
		D3D35DD51CBA2E8200B18092 /* Sources */ = {
			isa = PBXSourcesBuildPhase;
			buildActionMask = 2147483647;
			files = (
				D39B87971CCCCA0200EC5280 /* CardsRowModel.swift in Sources */,
				D306E0281CCA403D00FA3812 /* ExamModel.swift in Sources */,
				D39B879C1CCCF02600EC5280 /* ExperimentCard.swift in Sources */,
				D3ED99E61CCB651300001E2B /* LibraryViewController.swift in Sources */,
				D3F473491CCA068D00750FFB /* JwcNoticeModel.swift in Sources */,
				D35FC6241CE301F700BE844C /* ActivityModel.swift in Sources */,
				D354905C1CDC519100E59615 /* GCalendar.swift in Sources */,
				D3F4734F1CCA15C900750FFB /* LectureViewController.swift in Sources */,
				D3E6BD7C1CC8BF740074FF6D /* ModuleManageTableViewCell.swift in Sources */,
				D31821CE1CC856FF00992355 /* ExperimentViewController.swift in Sources */,
				D3ED99E41CCB64BE00001E2B /* LibraryTableViewCell.swift in Sources */,
				D37708651CCC67DC006ED853 /* CardsModel.swift in Sources */,
				D31DE5141CC3597800E4891D /* CurriculumBlock.swift in Sources */,
				D306E0221CCA3DFD00FA3812 /* AppModule.swift in Sources */,
				D39B87A41CCD12EC00EC5280 /* String.swift in Sources */,
				D3A0C1721CBB7A9800744640 /* CardsViewController.swift in Sources */,
				D3E6BD7F1CC8C07F0074FF6D /* ModuleManagerViewController.swift in Sources */,
				D3F473471CCA05CD00750FFB /* JwcViewController.swift in Sources */,
				D34858111CBB57F600B55E76 /* NSUserDefaults.swift in Sources */,
				D3ED99E01CCB3DFD00001E2B /* SrtpViewController.swift in Sources */,
				D31DE51A1CC35A3100E4891D /* CurriculumView.swift in Sources */,
				D3ED99DC1CCB1DB400001E2B /* SrtpModel.swift in Sources */,
				D31821CC1CC8560F00992355 /* ExperimentTableViewCell.swift in Sources */,
				D39B879E1CCD0C0B00EC5280 /* ExamCard.swift in Sources */,
				D31821D01CC8573200992355 /* ExperimentModel.swift in Sources */,
				D39B87A01CCD0F0E00EC5280 /* Error.swift in Sources */,
				D35FC62A1CE33A1E00BE844C /* ActivityCard.swift in Sources */,
				D31DE50E1CC334EC00E4891D /* ModuleTableViewCell.swift in Sources */,
				D31DE5181CC359D300E4891D /* CurriculumViewController.swift in Sources */,
				D3A0C1771CBB7B2300744640 /* MyInfoViewController.swift in Sources */,
				D3FBC2F21CCC51F900305428 /* UIViewController.swift in Sources */,
				D3ED99DA1CCB091700001E2B /* SchoolbusViewController.swift in Sources */,
				D306E02E1CCA691F00FA3812 /* GradeViewController.swift in Sources */,
				D31821B61CC48D5400992355 /* ServiceHelper.swift in Sources */,
				D39B87A21CCD120F00EC5280 /* LectureCard.swift in Sources */,
				D39B87A61CCD194E00EC5280 /* PedetailCard.swift in Sources */,
				D3ED99D61CCB080000001E2B /* SchoolbusModel.swift in Sources */,
				D3F473451CCA04C100750FFB /* JwcTableViewCell.swift in Sources */,
				D306E02C1CCA68EB00FA3812 /* GradeTableViewCell.swift in Sources */,
				D3ED99E21CCB5BCB00001E2B /* LibraryBookModel.swift in Sources */,
				D31DE5121CC3592F00E4891D /* ClassInfo.swift in Sources */,
				D3F4734D1CCA153A00750FFB /* LectureModel.swift in Sources */,
				D37708621CCC5D37006ED853 /* FeedbackViewController.swift in Sources */,
				D3ED99E81CCB870200001E2B /* AboutUsViewController.swift in Sources */,
				D348580E1CBB4FF900B55E76 /* CacheHelper.swift in Sources */,
				D3ED99D41CCAF9FC00001E2B /* SeuNetViewController.swift in Sources */,
				D3ED99DE1CCB3DB600001E2B /* SrtpTableViewCell.swift in Sources */,
				D3ED99D81CCB08B300001E2B /* SchoolbusTableViewCell.swift in Sources */,
				D35FC6281CE3236300BE844C /* PullLoadFooter.swift in Sources */,
				D3F3DCFB1CBB7792006887F5 /* SettingsHelper.swift in Sources */,
				D34858131CBB60A600B55E76 /* ApiRequest.swift in Sources */,
				D3EFC1D71CCC81A800BC37A5 /* CurriculumCard.swift in Sources */,
				D3F4734B1CCA146800750FFB /* LectureTableViewCell.swift in Sources */,
				D348580C1CBB48FD00B55E76 /* ApiHelper.swift in Sources */,
				D31821B91CC4D53300992355 /* CardsTableViewCell.swift in Sources */,
				D31821C31CC5291000992355 /* CardHistoryModel.swift in Sources */,
				D35FC6221CE2FEF400BE844C /* ActivityViewController.swift in Sources */,
				D306E02A1CCA68A700FA3812 /* GradeModel.swift in Sources */,
				D306E0241CCA3F7700FA3812 /* ExamViewController.swift in Sources */,
				D3D35DDF1CBA2E8200B18092 /* LoginViewController.swift in Sources */,
				D38A7E5E1CE5ABFF0033926E /* ExperimentNotifier.swift in Sources */,
				D31821C11CC5256F00992355 /* CardTableViewCell.swift in Sources */,
				D306E0261CCA3F8400FA3812 /* ExamTableViewCell.swift in Sources */,
				D306E0201CCA3ADF00FA3812 /* WebModuleViewController.swift in Sources */,
				D3325D051CC89BA0002060A5 /* SwipeRefreshHeader.swift in Sources */,
				D35FC6261CE31A3500BE844C /* ActivityTableViewCell.swift in Sources */,
				D31821BF1CC522D900992355 /* CardViewController.swift in Sources */,
				D39B879A1CCCEC2E00EC5280 /* CardCard.swift in Sources */,
				D3D35DDD1CBA2E8200B18092 /* AppDelegate.swift in Sources */,
				D3A0C1701CBB7A3A00744640 /* MainViewController.swift in Sources */,
				D30A9BA11CBBA9100087D583 /* ApiThreadManager.swift in Sources */,
				D3A0C1741CBB7AF500744640 /* ModulesViewController.swift in Sources */,
				D34E95861CCDCCE700AD1119 /* JwcCard.swift in Sources */,
				D3E6BD831CC8D4B20074FF6D /* PedetailViewController.swift in Sources */,
				D34BCC731CE5D379005F4164 /* ExamNotifier.swift in Sources */,
				D3F375C71CDB3957004DDEA5 /* WifiLoginHelper.swift in Sources */,
				D33678F81CE5971C001E7C25 /* CurriculumNotifier.swift in Sources */,
			);
			runOnlyForDeploymentPostprocessing = 0;
		};
		D3D35DE91CBA2E8200B18092 /* Sources */ = {
			isa = PBXSourcesBuildPhase;
			buildActionMask = 2147483647;
			files = (
				D3D35DF21CBA2E8200B18092 /* Herald_iOSTests.swift in Sources */,
			);
			runOnlyForDeploymentPostprocessing = 0;
		};
		D3D35DF41CBA2E8200B18092 /* Sources */ = {
			isa = PBXSourcesBuildPhase;
			buildActionMask = 2147483647;
			files = (
				D3D35DFD1CBA2E8200B18092 /* Herald_iOSUITests.swift in Sources */,
			);
			runOnlyForDeploymentPostprocessing = 0;
		};
/* End PBXSourcesBuildPhase section */

/* Begin PBXTargetDependency section */
		D3D35DEF1CBA2E8200B18092 /* PBXTargetDependency */ = {
			isa = PBXTargetDependency;
			target = D3D35DD81CBA2E8200B18092 /* Herald_iOS */;
			targetProxy = D3D35DEE1CBA2E8200B18092 /* PBXContainerItemProxy */;
		};
		D3D35DFA1CBA2E8200B18092 /* PBXTargetDependency */ = {
			isa = PBXTargetDependency;
			target = D3D35DD81CBA2E8200B18092 /* Herald_iOS */;
			targetProxy = D3D35DF91CBA2E8200B18092 /* PBXContainerItemProxy */;
		};
/* End PBXTargetDependency section */

/* Begin PBXVariantGroup section */
		D31821C81CC7BC0400992355 /* Main.storyboard */ = {
			isa = PBXVariantGroup;
			children = (
				D31821C91CC7BC0400992355 /* Base */,
			);
			name = Main.storyboard;
			sourceTree = "<group>";
		};
/* End PBXVariantGroup section */

/* Begin XCBuildConfiguration section */
		D3D35DFF1CBA2E8200B18092 /* Debug */ = {
			isa = XCBuildConfiguration;
			buildSettings = {
				ALWAYS_SEARCH_USER_PATHS = NO;
				CLANG_ANALYZER_NONNULL = YES;
				CLANG_CXX_LANGUAGE_STANDARD = "gnu++0x";
				CLANG_CXX_LIBRARY = "libc++";
				CLANG_ENABLE_MODULES = YES;
				CLANG_ENABLE_OBJC_ARC = YES;
				CLANG_WARN_BOOL_CONVERSION = YES;
				CLANG_WARN_CONSTANT_CONVERSION = YES;
				CLANG_WARN_DIRECT_OBJC_ISA_USAGE = YES_ERROR;
				CLANG_WARN_EMPTY_BODY = YES;
				CLANG_WARN_ENUM_CONVERSION = YES;
				CLANG_WARN_INT_CONVERSION = YES;
				CLANG_WARN_OBJC_ROOT_CLASS = YES_ERROR;
				CLANG_WARN_UNREACHABLE_CODE = YES;
				CLANG_WARN__DUPLICATE_METHOD_MATCH = YES;
				CODE_SIGN_IDENTITY = "iPhone Developer";
				"CODE_SIGN_IDENTITY[sdk=iphoneos*]" = "iPhone Developer";
				COPY_PHASE_STRIP = NO;
				DEBUG_INFORMATION_FORMAT = dwarf;
				ENABLE_STRICT_OBJC_MSGSEND = YES;
				ENABLE_TESTABILITY = YES;
				GCC_C_LANGUAGE_STANDARD = gnu99;
				GCC_DYNAMIC_NO_PIC = NO;
				GCC_NO_COMMON_BLOCKS = YES;
				GCC_OPTIMIZATION_LEVEL = 0;
				GCC_PREPROCESSOR_DEFINITIONS = (
					"DEBUG=1",
					"$(inherited)",
				);
				GCC_WARN_64_TO_32_BIT_CONVERSION = YES;
				GCC_WARN_ABOUT_RETURN_TYPE = YES_ERROR;
				GCC_WARN_UNDECLARED_SELECTOR = YES;
				GCC_WARN_UNINITIALIZED_AUTOS = YES_AGGRESSIVE;
				GCC_WARN_UNUSED_FUNCTION = YES;
				GCC_WARN_UNUSED_VARIABLE = YES;
				IPHONEOS_DEPLOYMENT_TARGET = 8.0;
				MTL_ENABLE_DEBUG_INFO = YES;
				ONLY_ACTIVE_ARCH = YES;
				PROVISIONING_PROFILE = "";
				SDKROOT = iphoneos;
				SWIFT_OPTIMIZATION_LEVEL = "-Onone";
				TARGETED_DEVICE_FAMILY = "1,2";
			};
			name = Debug;
		};
		D3D35E001CBA2E8200B18092 /* Release */ = {
			isa = XCBuildConfiguration;
			buildSettings = {
				ALWAYS_SEARCH_USER_PATHS = NO;
				CLANG_ANALYZER_NONNULL = YES;
				CLANG_CXX_LANGUAGE_STANDARD = "gnu++0x";
				CLANG_CXX_LIBRARY = "libc++";
				CLANG_ENABLE_MODULES = YES;
				CLANG_ENABLE_OBJC_ARC = YES;
				CLANG_WARN_BOOL_CONVERSION = YES;
				CLANG_WARN_CONSTANT_CONVERSION = YES;
				CLANG_WARN_DIRECT_OBJC_ISA_USAGE = YES_ERROR;
				CLANG_WARN_EMPTY_BODY = YES;
				CLANG_WARN_ENUM_CONVERSION = YES;
				CLANG_WARN_INT_CONVERSION = YES;
				CLANG_WARN_OBJC_ROOT_CLASS = YES_ERROR;
				CLANG_WARN_UNREACHABLE_CODE = YES;
				CLANG_WARN__DUPLICATE_METHOD_MATCH = YES;
				CODE_SIGN_IDENTITY = "iPhone Developer";
				"CODE_SIGN_IDENTITY[sdk=iphoneos*]" = "iPhone Developer";
				COPY_PHASE_STRIP = NO;
				DEBUG_INFORMATION_FORMAT = "dwarf-with-dsym";
				ENABLE_NS_ASSERTIONS = NO;
				ENABLE_STRICT_OBJC_MSGSEND = YES;
				GCC_C_LANGUAGE_STANDARD = gnu99;
				GCC_NO_COMMON_BLOCKS = YES;
				GCC_WARN_64_TO_32_BIT_CONVERSION = YES;
				GCC_WARN_ABOUT_RETURN_TYPE = YES_ERROR;
				GCC_WARN_UNDECLARED_SELECTOR = YES;
				GCC_WARN_UNINITIALIZED_AUTOS = YES_AGGRESSIVE;
				GCC_WARN_UNUSED_FUNCTION = YES;
				GCC_WARN_UNUSED_VARIABLE = YES;
				IPHONEOS_DEPLOYMENT_TARGET = 8.0;
				MTL_ENABLE_DEBUG_INFO = NO;
				PROVISIONING_PROFILE = "";
				SDKROOT = iphoneos;
				TARGETED_DEVICE_FAMILY = "1,2";
				VALIDATE_PRODUCT = YES;
			};
			name = Release;
		};
		D3D35E021CBA2E8200B18092 /* Debug */ = {
			isa = XCBuildConfiguration;
			baseConfigurationReference = ED76AC9BE4F12BE2D1325536 /* Pods.debug.xcconfig */;
			buildSettings = {
				ASSETCATALOG_COMPILER_APPICON_NAME = AppIcon;
				CLANG_ENABLE_MODULES = YES;
				CODE_SIGN_IDENTITY = "iPhone Developer: left.in@icloud.com (C6WP5Z6BAT)";
				"CODE_SIGN_IDENTITY[sdk=iphoneos*]" = "iPhone Developer";
				FRAMEWORK_SEARCH_PATHS = "";
				INFOPLIST_FILE = Herald_iOS/Info.plist;
				IPHONEOS_DEPLOYMENT_TARGET = 8.0;
				LD_RUNPATH_SEARCH_PATHS = "$(inherited) @executable_path/Frameworks";
				PRODUCT_BUNDLE_IDENTIFIER = "Howie-Vinci.Herald";
				PRODUCT_NAME = "小猴偷米";
				PROVISIONING_PROFILE = "430cfdaa-f7c1-48e1-8839-1d2ad787df31";
				SWIFT_OBJC_BRIDGING_HEADER = "";
				SWIFT_OPTIMIZATION_LEVEL = "-Onone";
				TARGETED_DEVICE_FAMILY = "1,2";
			};
			name = Debug;
		};
		D3D35E031CBA2E8200B18092 /* Release */ = {
			isa = XCBuildConfiguration;
			baseConfigurationReference = B6878935004ACF38EDF397D4 /* Pods.release.xcconfig */;
			buildSettings = {
				ASSETCATALOG_COMPILER_APPICON_NAME = AppIcon;
				CLANG_ENABLE_MODULES = YES;
				CODE_SIGN_IDENTITY = "iPhone Developer: left.in@icloud.com (C6WP5Z6BAT)";
				"CODE_SIGN_IDENTITY[sdk=iphoneos*]" = "iPhone Developer";
				FRAMEWORK_SEARCH_PATHS = "";
				INFOPLIST_FILE = Herald_iOS/Info.plist;
				IPHONEOS_DEPLOYMENT_TARGET = 8.0;
				LD_RUNPATH_SEARCH_PATHS = "$(inherited) @executable_path/Frameworks";
				PRODUCT_BUNDLE_IDENTIFIER = "Howie-Vinci.Herald";
				PRODUCT_NAME = "小猴偷米";
				PROVISIONING_PROFILE = "430cfdaa-f7c1-48e1-8839-1d2ad787df31";
				SWIFT_OBJC_BRIDGING_HEADER = "";
				TARGETED_DEVICE_FAMILY = "1,2";
			};
			name = Release;
		};
		D3D35E051CBA2E8200B18092 /* Debug */ = {
			isa = XCBuildConfiguration;
			buildSettings = {
				BUNDLE_LOADER = "$(TEST_HOST)";
				INFOPLIST_FILE = Herald_iOSTests/Info.plist;
				LD_RUNPATH_SEARCH_PATHS = "$(inherited) @executable_path/Frameworks @loader_path/Frameworks";
				PRODUCT_BUNDLE_IDENTIFIER = "com.heraldstudio.Herald-iOSTests";
				PRODUCT_NAME = "$(TARGET_NAME)";
				TEST_HOST = "$(BUILT_PRODUCTS_DIR)/Herald_iOS.app/Herald_iOS";
			};
			name = Debug;
		};
		D3D35E061CBA2E8200B18092 /* Release */ = {
			isa = XCBuildConfiguration;
			buildSettings = {
				BUNDLE_LOADER = "$(TEST_HOST)";
				INFOPLIST_FILE = Herald_iOSTests/Info.plist;
				LD_RUNPATH_SEARCH_PATHS = "$(inherited) @executable_path/Frameworks @loader_path/Frameworks";
				PRODUCT_BUNDLE_IDENTIFIER = "com.heraldstudio.Herald-iOSTests";
				PRODUCT_NAME = "$(TARGET_NAME)";
				TEST_HOST = "$(BUILT_PRODUCTS_DIR)/Herald_iOS.app/Herald_iOS";
			};
			name = Release;
		};
		D3D35E081CBA2E8200B18092 /* Debug */ = {
			isa = XCBuildConfiguration;
			buildSettings = {
				INFOPLIST_FILE = Herald_iOSUITests/Info.plist;
				LD_RUNPATH_SEARCH_PATHS = "$(inherited) @executable_path/Frameworks @loader_path/Frameworks";
				PRODUCT_BUNDLE_IDENTIFIER = "com.heraldstudio.Herald-iOSUITests";
				PRODUCT_NAME = "$(TARGET_NAME)";
				TEST_TARGET_NAME = Herald_iOS;
			};
			name = Debug;
		};
		D3D35E091CBA2E8200B18092 /* Release */ = {
			isa = XCBuildConfiguration;
			buildSettings = {
				INFOPLIST_FILE = Herald_iOSUITests/Info.plist;
				LD_RUNPATH_SEARCH_PATHS = "$(inherited) @executable_path/Frameworks @loader_path/Frameworks";
				PRODUCT_BUNDLE_IDENTIFIER = "com.heraldstudio.Herald-iOSUITests";
				PRODUCT_NAME = "$(TARGET_NAME)";
				TEST_TARGET_NAME = Herald_iOS;
			};
			name = Release;
		};
/* End XCBuildConfiguration section */

/* Begin XCConfigurationList section */
		D3D35DD41CBA2E8200B18092 /* Build configuration list for PBXProject "Herald_iOS" */ = {
			isa = XCConfigurationList;
			buildConfigurations = (
				D3D35DFF1CBA2E8200B18092 /* Debug */,
				D3D35E001CBA2E8200B18092 /* Release */,
			);
			defaultConfigurationIsVisible = 0;
			defaultConfigurationName = Release;
		};
		D3D35E011CBA2E8200B18092 /* Build configuration list for PBXNativeTarget "Herald_iOS" */ = {
			isa = XCConfigurationList;
			buildConfigurations = (
				D3D35E021CBA2E8200B18092 /* Debug */,
				D3D35E031CBA2E8200B18092 /* Release */,
			);
			defaultConfigurationIsVisible = 0;
			defaultConfigurationName = Release;
		};
		D3D35E041CBA2E8200B18092 /* Build configuration list for PBXNativeTarget "Herald_iOSTests" */ = {
			isa = XCConfigurationList;
			buildConfigurations = (
				D3D35E051CBA2E8200B18092 /* Debug */,
				D3D35E061CBA2E8200B18092 /* Release */,
			);
			defaultConfigurationIsVisible = 0;
			defaultConfigurationName = Release;
		};
		D3D35E071CBA2E8200B18092 /* Build configuration list for PBXNativeTarget "Herald_iOSUITests" */ = {
			isa = XCConfigurationList;
			buildConfigurations = (
				D3D35E081CBA2E8200B18092 /* Debug */,
				D3D35E091CBA2E8200B18092 /* Release */,
			);
			defaultConfigurationIsVisible = 0;
			defaultConfigurationName = Release;
		};
/* End XCConfigurationList section */
	};
	rootObject = D3D35DD11CBA2E8200B18092 /* Project object */;
}
